// !$*UTF8*$!
{
	archiveVersion = 1;
	classes = {
	};
	objectVersion = 46;
	objects = {

/* Begin PBXBuildFile section */
		810CE2F6618431E002319A19 /* Pods_Clover_TouchID.framework in Frameworks */ = {isa = PBXBuildFile; fileRef = E51F45992B9252AC8AB2BF7B /* Pods_Clover_TouchID.framework */; };
		F956FB431BEBDA3000540F0D /* AppDelegate.swift in Sources */ = {isa = PBXBuildFile; fileRef = F956FB421BEBDA3000540F0D /* AppDelegate.swift */; };
		F956FB451BEBDA3000540F0D /* ViewController.swift in Sources */ = {isa = PBXBuildFile; fileRef = F956FB441BEBDA3000540F0D /* ViewController.swift */; };
		F956FB481BEBDA3000540F0D /* Main.storyboard in Resources */ = {isa = PBXBuildFile; fileRef = F956FB461BEBDA3000540F0D /* Main.storyboard */; };
		F956FB4A1BEBDA3000540F0D /* Assets.xcassets in Resources */ = {isa = PBXBuildFile; fileRef = F956FB491BEBDA3000540F0D /* Assets.xcassets */; };
		F956FB4D1BEBDA3000540F0D /* LaunchScreen.storyboard in Resources */ = {isa = PBXBuildFile; fileRef = F956FB4B1BEBDA3000540F0D /* LaunchScreen.storyboard */; };
		F956FB581BEBDA3000540F0D /* Clover_TouchIDTests.swift in Sources */ = {isa = PBXBuildFile; fileRef = F956FB571BEBDA3000540F0D /* Clover_TouchIDTests.swift */; };
		F956FB631BEBDA3000540F0D /* Clover_TouchIDUITests.swift in Sources */ = {isa = PBXBuildFile; fileRef = F956FB621BEBDA3000540F0D /* Clover_TouchIDUITests.swift */; };
		F95D485A1BEBDE7F00CE4AD7 /* LocalAuthentication.framework in Frameworks */ = {isa = PBXBuildFile; fileRef = F95D48591BEBDE7F00CE4AD7 /* LocalAuthentication.framework */; };
/* End PBXBuildFile section */

/* Begin PBXContainerItemProxy section */
		F956FB541BEBDA3000540F0D /* PBXContainerItemProxy */ = {
			isa = PBXContainerItemProxy;
			containerPortal = F956FB371BEBDA2F00540F0D /* Project object */;
			proxyType = 1;
			remoteGlobalIDString = F956FB3E1BEBDA2F00540F0D;
			remoteInfo = "Clover TouchID";
		};
		F956FB5F1BEBDA3000540F0D /* PBXContainerItemProxy */ = {
			isa = PBXContainerItemProxy;
			containerPortal = F956FB371BEBDA2F00540F0D /* Project object */;
			proxyType = 1;
			remoteGlobalIDString = F956FB3E1BEBDA2F00540F0D;
			remoteInfo = "Clover TouchID";
		};
/* End PBXContainerItemProxy section */

/* Begin PBXFileReference section */
		09A537F038F733016BAE726B /* Pods-Clover TouchID.debug.xcconfig */ = {isa = PBXFileReference; includeInIndex = 1; lastKnownFileType = text.xcconfig; name = "Pods-Clover TouchID.debug.xcconfig"; path = "Pods/Target Support Files/Pods-Clover TouchID/Pods-Clover TouchID.debug.xcconfig"; sourceTree = "<group>"; };
		E51F45992B9252AC8AB2BF7B /* Pods_Clover_TouchID.framework */ = {isa = PBXFileReference; explicitFileType = wrapper.framework; includeInIndex = 0; path = Pods_Clover_TouchID.framework; sourceTree = BUILT_PRODUCTS_DIR; };
		ED4F9CAE1A7EAD767BAEEA80 /* Pods-Clover TouchID.release.xcconfig */ = {isa = PBXFileReference; includeInIndex = 1; lastKnownFileType = text.xcconfig; name = "Pods-Clover TouchID.release.xcconfig"; path = "Pods/Target Support Files/Pods-Clover TouchID/Pods-Clover TouchID.release.xcconfig"; sourceTree = "<group>"; };
		F956FB3F1BEBDA2F00540F0D /* Clover TouchID.app */ = {isa = PBXFileReference; explicitFileType = wrapper.application; includeInIndex = 0; path = "Clover TouchID.app"; sourceTree = BUILT_PRODUCTS_DIR; };
		F956FB421BEBDA3000540F0D /* AppDelegate.swift */ = {isa = PBXFileReference; lastKnownFileType = sourcecode.swift; path = AppDelegate.swift; sourceTree = "<group>"; };
		F956FB441BEBDA3000540F0D /* ViewController.swift */ = {isa = PBXFileReference; lastKnownFileType = sourcecode.swift; path = ViewController.swift; sourceTree = "<group>"; };
		F956FB471BEBDA3000540F0D /* Base */ = {isa = PBXFileReference; lastKnownFileType = file.storyboard; name = Base; path = Base.lproj/Main.storyboard; sourceTree = "<group>"; };
		F956FB491BEBDA3000540F0D /* Assets.xcassets */ = {isa = PBXFileReference; lastKnownFileType = folder.assetcatalog; path = Assets.xcassets; sourceTree = "<group>"; };
		F956FB4C1BEBDA3000540F0D /* Base */ = {isa = PBXFileReference; lastKnownFileType = file.storyboard; name = Base; path = Base.lproj/LaunchScreen.storyboard; sourceTree = "<group>"; };
		F956FB4E1BEBDA3000540F0D /* Info.plist */ = {isa = PBXFileReference; lastKnownFileType = text.plist.xml; path = Info.plist; sourceTree = "<group>"; };
		F956FB531BEBDA3000540F0D /* Clover TouchIDTests.xctest */ = {isa = PBXFileReference; explicitFileType = wrapper.cfbundle; includeInIndex = 0; path = "Clover TouchIDTests.xctest"; sourceTree = BUILT_PRODUCTS_DIR; };
		F956FB571BEBDA3000540F0D /* Clover_TouchIDTests.swift */ = {isa = PBXFileReference; lastKnownFileType = sourcecode.swift; path = Clover_TouchIDTests.swift; sourceTree = "<group>"; };
		F956FB591BEBDA3000540F0D /* Info.plist */ = {isa = PBXFileReference; lastKnownFileType = text.plist.xml; path = Info.plist; sourceTree = "<group>"; };
		F956FB5E1BEBDA3000540F0D /* Clover TouchIDUITests.xctest */ = {isa = PBXFileReference; explicitFileType = wrapper.cfbundle; includeInIndex = 0; path = "Clover TouchIDUITests.xctest"; sourceTree = BUILT_PRODUCTS_DIR; };
		F956FB621BEBDA3000540F0D /* Clover_TouchIDUITests.swift */ = {isa = PBXFileReference; lastKnownFileType = sourcecode.swift; path = Clover_TouchIDUITests.swift; sourceTree = "<group>"; };
		F956FB641BEBDA3000540F0D /* Info.plist */ = {isa = PBXFileReference; lastKnownFileType = text.plist.xml; path = Info.plist; sourceTree = "<group>"; };
		F95D48591BEBDE7F00CE4AD7 /* LocalAuthentication.framework */ = {isa = PBXFileReference; lastKnownFileType = wrapper.framework; name = LocalAuthentication.framework; path = System/Library/Frameworks/LocalAuthentication.framework; sourceTree = SDKROOT; };
/* End PBXFileReference section */

/* Begin PBXFrameworksBuildPhase section */
		F956FB3C1BEBDA2F00540F0D /* Frameworks */ = {
			isa = PBXFrameworksBuildPhase;
			buildActionMask = 2147483647;
			files = (
				F95D485A1BEBDE7F00CE4AD7 /* LocalAuthentication.framework in Frameworks */,
				810CE2F6618431E002319A19 /* Pods_Clover_TouchID.framework in Frameworks */,
			);
			runOnlyForDeploymentPostprocessing = 0;
		};
		F956FB501BEBDA3000540F0D /* Frameworks */ = {
			isa = PBXFrameworksBuildPhase;
			buildActionMask = 2147483647;
			files = (
			);
			runOnlyForDeploymentPostprocessing = 0;
		};
		F956FB5B1BEBDA3000540F0D /* Frameworks */ = {
			isa = PBXFrameworksBuildPhase;
			buildActionMask = 2147483647;
			files = (
			);
			runOnlyForDeploymentPostprocessing = 0;
		};
/* End PBXFrameworksBuildPhase section */

/* Begin PBXGroup section */
		14FCC99BE068790E2BDAFB00 /* Pods */ = {
			isa = PBXGroup;
			children = (
				09A537F038F733016BAE726B /* Pods-Clover TouchID.debug.xcconfig */,
				ED4F9CAE1A7EAD767BAEEA80 /* Pods-Clover TouchID.release.xcconfig */,
			);
			name = Pods;
			sourceTree = "<group>";
		};
		AE319D54FDCA562CDC6B5C82 /* Frameworks */ = {
			isa = PBXGroup;
			children = (
				E51F45992B9252AC8AB2BF7B /* Pods_Clover_TouchID.framework */,
			);
			name = Frameworks;
			sourceTree = "<group>";
		};
		F956FB361BEBDA2F00540F0D = {
			isa = PBXGroup;
			children = (
				F95D48591BEBDE7F00CE4AD7 /* LocalAuthentication.framework */,
				F956FB411BEBDA3000540F0D /* Clover TouchID */,
				F956FB561BEBDA3000540F0D /* Clover TouchIDTests */,
				F956FB611BEBDA3000540F0D /* Clover TouchIDUITests */,
				F956FB401BEBDA2F00540F0D /* Products */,
				14FCC99BE068790E2BDAFB00 /* Pods */,
				AE319D54FDCA562CDC6B5C82 /* Frameworks */,
			);
			sourceTree = "<group>";
		};
		F956FB401BEBDA2F00540F0D /* Products */ = {
			isa = PBXGroup;
			children = (
				F956FB3F1BEBDA2F00540F0D /* Clover TouchID.app */,
				F956FB531BEBDA3000540F0D /* Clover TouchIDTests.xctest */,
				F956FB5E1BEBDA3000540F0D /* Clover TouchIDUITests.xctest */,
			);
			name = Products;
			sourceTree = "<group>";
		};
		F956FB411BEBDA3000540F0D /* Clover TouchID */ = {
			isa = PBXGroup;
			children = (
				F956FB421BEBDA3000540F0D /* AppDelegate.swift */,
				F956FB441BEBDA3000540F0D /* ViewController.swift */,
				F956FB461BEBDA3000540F0D /* Main.storyboard */,
				F956FB491BEBDA3000540F0D /* Assets.xcassets */,
				F956FB4B1BEBDA3000540F0D /* LaunchScreen.storyboard */,
				F956FB4E1BEBDA3000540F0D /* Info.plist */,
			);
			path = "Clover TouchID";
			sourceTree = "<group>";
		};
		F956FB561BEBDA3000540F0D /* Clover TouchIDTests */ = {
			isa = PBXGroup;
			children = (
				F956FB571BEBDA3000540F0D /* Clover_TouchIDTests.swift */,
				F956FB591BEBDA3000540F0D /* Info.plist */,
			);
			path = "Clover TouchIDTests";
			sourceTree = "<group>";
		};
		F956FB611BEBDA3000540F0D /* Clover TouchIDUITests */ = {
			isa = PBXGroup;
			children = (
				F956FB621BEBDA3000540F0D /* Clover_TouchIDUITests.swift */,
				F956FB641BEBDA3000540F0D /* Info.plist */,
			);
			path = "Clover TouchIDUITests";
			sourceTree = "<group>";
		};
/* End PBXGroup section */

/* Begin PBXNativeTarget section */
		F956FB3E1BEBDA2F00540F0D /* Clover TouchID */ = {
			isa = PBXNativeTarget;
			buildConfigurationList = F956FB671BEBDA3000540F0D /* Build configuration list for PBXNativeTarget "Clover TouchID" */;
			buildPhases = (
				42C0800C48243D2A813F299F /* Check Pods Manifest.lock */,
				F956FB3B1BEBDA2F00540F0D /* Sources */,
				F956FB3C1BEBDA2F00540F0D /* Frameworks */,
				F956FB3D1BEBDA2F00540F0D /* Resources */,
				CCC23A41C8127AEFF5A6E1D3 /* Embed Pods Frameworks */,
				9D221519A59AA6BDFA545648 /* Copy Pods Resources */,
			);
			buildRules = (
			);
			dependencies = (
			);
			name = "Clover TouchID";
			productName = "Clover TouchID";
			productReference = F956FB3F1BEBDA2F00540F0D /* Clover TouchID.app */;
			productType = "com.apple.product-type.application";
		};
		F956FB521BEBDA3000540F0D /* Clover TouchIDTests */ = {
			isa = PBXNativeTarget;
			buildConfigurationList = F956FB6A1BEBDA3000540F0D /* Build configuration list for PBXNativeTarget "Clover TouchIDTests" */;
			buildPhases = (
				F956FB4F1BEBDA3000540F0D /* Sources */,
				F956FB501BEBDA3000540F0D /* Frameworks */,
				F956FB511BEBDA3000540F0D /* Resources */,
			);
			buildRules = (
			);
			dependencies = (
				F956FB551BEBDA3000540F0D /* PBXTargetDependency */,
			);
			name = "Clover TouchIDTests";
			productName = "Clover TouchIDTests";
			productReference = F956FB531BEBDA3000540F0D /* Clover TouchIDTests.xctest */;
			productType = "com.apple.product-type.bundle.unit-test";
		};
		F956FB5D1BEBDA3000540F0D /* Clover TouchIDUITests */ = {
			isa = PBXNativeTarget;
			buildConfigurationList = F956FB6D1BEBDA3000540F0D /* Build configuration list for PBXNativeTarget "Clover TouchIDUITests" */;
			buildPhases = (
				F956FB5A1BEBDA3000540F0D /* Sources */,
				F956FB5B1BEBDA3000540F0D /* Frameworks */,
				F956FB5C1BEBDA3000540F0D /* Resources */,
			);
			buildRules = (
			);
			dependencies = (
				F956FB601BEBDA3000540F0D /* PBXTargetDependency */,
			);
			name = "Clover TouchIDUITests";
			productName = "Clover TouchIDUITests";
			productReference = F956FB5E1BEBDA3000540F0D /* Clover TouchIDUITests.xctest */;
			productType = "com.apple.product-type.bundle.ui-testing";
		};
/* End PBXNativeTarget section */

/* Begin PBXProject section */
		F956FB371BEBDA2F00540F0D /* Project object */ = {
			isa = PBXProject;
			attributes = {
				LastSwiftUpdateCheck = 0710;
				LastUpgradeCheck = 0710;
				ORGANIZATIONNAME = "Rohit Datta";
				TargetAttributes = {
					F956FB3E1BEBDA2F00540F0D = {
						CreatedOnToolsVersion = 7.1;
					};
					F956FB521BEBDA3000540F0D = {
						CreatedOnToolsVersion = 7.1;
						TestTargetID = F956FB3E1BEBDA2F00540F0D;
					};
					F956FB5D1BEBDA3000540F0D = {
						CreatedOnToolsVersion = 7.1;
						TestTargetID = F956FB3E1BEBDA2F00540F0D;
					};
				};
			};
			buildConfigurationList = F956FB3A1BEBDA2F00540F0D /* Build configuration list for PBXProject "Clover TouchID" */;
			compatibilityVersion = "Xcode 3.2";
			developmentRegion = English;
			hasScannedForEncodings = 0;
			knownRegions = (
				en,
				Base,
			);
			mainGroup = F956FB361BEBDA2F00540F0D;
			productRefGroup = F956FB401BEBDA2F00540F0D /* Products */;
			projectDirPath = "";
			projectRoot = "";
			targets = (
				F956FB3E1BEBDA2F00540F0D /* Clover TouchID */,
				F956FB521BEBDA3000540F0D /* Clover TouchIDTests */,
				F956FB5D1BEBDA3000540F0D /* Clover TouchIDUITests */,
			);
		};
/* End PBXProject section */

/* Begin PBXResourcesBuildPhase section */
		F956FB3D1BEBDA2F00540F0D /* Resources */ = {
			isa = PBXResourcesBuildPhase;
			buildActionMask = 2147483647;
			files = (
				F956FB4D1BEBDA3000540F0D /* LaunchScreen.storyboard in Resources */,
				F956FB4A1BEBDA3000540F0D /* Assets.xcassets in Resources */,
				F956FB481BEBDA3000540F0D /* Main.storyboard in Resources */,
			);
			runOnlyForDeploymentPostprocessing = 0;
		};
		F956FB511BEBDA3000540F0D /* Resources */ = {
			isa = PBXResourcesBuildPhase;
			buildActionMask = 2147483647;
			files = (
			);
			runOnlyForDeploymentPostprocessing = 0;
		};
		F956FB5C1BEBDA3000540F0D /* Resources */ = {
			isa = PBXResourcesBuildPhase;
			buildActionMask = 2147483647;
			files = (
			);
			runOnlyForDeploymentPostprocessing = 0;
		};
/* End PBXResourcesBuildPhase section */

/* Begin PBXShellScriptBuildPhase section */
		42C0800C48243D2A813F299F /* Check Pods Manifest.lock */ = {
			isa = PBXShellScriptBuildPhase;
			buildActionMask = 2147483647;
			files = (
			);
			inputPaths = (
			);
			name = "Check Pods Manifest.lock";
			outputPaths = (
			);
			runOnlyForDeploymentPostprocessing = 0;
			shellPath = /bin/sh;
			shellScript = "diff \"${PODS_ROOT}/../Podfile.lock\" \"${PODS_ROOT}/Manifest.lock\" > /dev/null\nif [[ $? != 0 ]] ; then\n    cat << EOM\nerror: The sandbox is not in sync with the Podfile.lock. Run 'pod install' or update your CocoaPods installation.\nEOM\n    exit 1\nfi\n";
			showEnvVarsInLog = 0;
		};
		9D221519A59AA6BDFA545648 /* Copy Pods Resources */ = {
			isa = PBXShellScriptBuildPhase;
			buildActionMask = 2147483647;
			files = (
			);
			inputPaths = (
			);
			name = "Copy Pods Resources";
			outputPaths = (
			);
			runOnlyForDeploymentPostprocessing = 0;
			shellPath = /bin/sh;
			shellScript = "\"${SRCROOT}/Pods/Target Support Files/Pods-Clover TouchID/Pods-Clover TouchID-resources.sh\"\n";
			showEnvVarsInLog = 0;
		};
		CCC23A41C8127AEFF5A6E1D3 /* Embed Pods Frameworks */ = {
			isa = PBXShellScriptBuildPhase;
			buildActionMask = 2147483647;
			files = (
			);
			inputPaths = (
			);
			name = "Embed Pods Frameworks";
			outputPaths = (
			);
			runOnlyForDeploymentPostprocessing = 0;
			shellPath = /bin/sh;
			shellScript = "\"${SRCROOT}/Pods/Target Support Files/Pods-Clover TouchID/Pods-Clover TouchID-frameworks.sh\"\n";
			showEnvVarsInLog = 0;
		};
/* End PBXShellScriptBuildPhase section */

/* Begin PBXSourcesBuildPhase section */
		F956FB3B1BEBDA2F00540F0D /* Sources */ = {
			isa = PBXSourcesBuildPhase;
			buildActionMask = 2147483647;
			files = (
				F956FB451BEBDA3000540F0D /* ViewController.swift in Sources */,
				F956FB431BEBDA3000540F0D /* AppDelegate.swift in Sources */,
			);
			runOnlyForDeploymentPostprocessing = 0;
		};
		F956FB4F1BEBDA3000540F0D /* Sources */ = {
			isa = PBXSourcesBuildPhase;
			buildActionMask = 2147483647;
			files = (
				F956FB581BEBDA3000540F0D /* Clover_TouchIDTests.swift in Sources */,
			);
			runOnlyForDeploymentPostprocessing = 0;
		};
		F956FB5A1BEBDA3000540F0D /* Sources */ = {
			isa = PBXSourcesBuildPhase;
			buildActionMask = 2147483647;
			files = (
				F956FB631BEBDA3000540F0D /* Clover_TouchIDUITests.swift in Sources */,
			);
			runOnlyForDeploymentPostprocessing = 0;
		};
/* End PBXSourcesBuildPhase section */

/* Begin PBXTargetDependency section */
		F956FB551BEBDA3000540F0D /* PBXTargetDependency */ = {
			isa = PBXTargetDependency;
			target = F956FB3E1BEBDA2F00540F0D /* Clover TouchID */;
			targetProxy = F956FB541BEBDA3000540F0D /* PBXContainerItemProxy */;
		};
		F956FB601BEBDA3000540F0D /* PBXTargetDependency */ = {
			isa = PBXTargetDependency;
			target = F956FB3E1BEBDA2F00540F0D /* Clover TouchID */;
			targetProxy = F956FB5F1BEBDA3000540F0D /* PBXContainerItemProxy */;
		};
/* End PBXTargetDependency section */

/* Begin PBXVariantGroup section */
		F956FB461BEBDA3000540F0D /* Main.storyboard */ = {
			isa = PBXVariantGroup;
			children = (
				F956FB471BEBDA3000540F0D /* Base */,
			);
			name = Main.storyboard;
			sourceTree = "<group>";
		};
		F956FB4B1BEBDA3000540F0D /* LaunchScreen.storyboard */ = {
			isa = PBXVariantGroup;
			children = (
				F956FB4C1BEBDA3000540F0D /* Base */,
			);
			name = LaunchScreen.storyboard;
			sourceTree = "<group>";
		};
/* End PBXVariantGroup section */

/* Begin XCBuildConfiguration section */
		F956FB651BEBDA3000540F0D /* Debug */ = {
			isa = XCBuildConfiguration;
			buildSettings = {
				ALWAYS_SEARCH_USER_PATHS = NO;
				CLANG_CXX_LANGUAGE_STANDARD = "gnu++0x";
				CLANG_CXX_LIBRARY = "libc++";
				CLANG_ENABLE_MODULES = YES;
				CLANG_ENABLE_OBJC_ARC = YES;
				CLANG_WARN_BOOL_CONVERSION = YES;
				CLANG_WARN_CONSTANT_CONVERSION = YES;
				CLANG_WARN_DIRECT_OBJC_ISA_USAGE = YES_ERROR;
				CLANG_WARN_EMPTY_BODY = YES;
				CLANG_WARN_ENUM_CONVERSION = YES;
				CLANG_WARN_INT_CONVERSION = YES;
				CLANG_WARN_OBJC_ROOT_CLASS = YES_ERROR;
				CLANG_WARN_UNREACHABLE_CODE = YES;
				CLANG_WARN__DUPLICATE_METHOD_MATCH = YES;
				"CODE_SIGN_IDENTITY[sdk=iphoneos*]" = "iPhone Developer";
				COPY_PHASE_STRIP = NO;
				DEBUG_INFORMATION_FORMAT = dwarf;
				ENABLE_STRICT_OBJC_MSGSEND = YES;
				ENABLE_TESTABILITY = YES;
				GCC_C_LANGUAGE_STANDARD = gnu99;
				GCC_DYNAMIC_NO_PIC = NO;
				GCC_NO_COMMON_BLOCKS = YES;
				GCC_OPTIMIZATION_LEVEL = 0;
				GCC_PREPROCESSOR_DEFINITIONS = (
					"DEBUG=1",
					"$(inherited)",
				);
				GCC_WARN_64_TO_32_BIT_CONVERSION = YES;
				GCC_WARN_ABOUT_RETURN_TYPE = YES_ERROR;
				GCC_WARN_UNDECLARED_SELECTOR = YES;
				GCC_WARN_UNINITIALIZED_AUTOS = YES_AGGRESSIVE;
				GCC_WARN_UNUSED_FUNCTION = YES;
				GCC_WARN_UNUSED_VARIABLE = YES;
				IPHONEOS_DEPLOYMENT_TARGET = 9.1;
				MTL_ENABLE_DEBUG_INFO = YES;
				ONLY_ACTIVE_ARCH = YES;
				SDKROOT = iphoneos;
				SWIFT_OPTIMIZATION_LEVEL = "-Onone";
				TARGETED_DEVICE_FAMILY = "1,2";
			};
			name = Debug;
		};
		F956FB661BEBDA3000540F0D /* Release */ = {
			isa = XCBuildConfiguration;
			buildSettings = {
				ALWAYS_SEARCH_USER_PATHS = NO;
				CLANG_CXX_LANGUAGE_STANDARD = "gnu++0x";
				CLANG_CXX_LIBRARY = "libc++";
				CLANG_ENABLE_MODULES = YES;
				CLANG_ENABLE_OBJC_ARC = YES;
				CLANG_WARN_BOOL_CONVERSION = YES;
				CLANG_WARN_CONSTANT_CONVERSION = YES;
				CLANG_WARN_DIRECT_OBJC_ISA_USAGE = YES_ERROR;
				CLANG_WARN_EMPTY_BODY = YES;
				CLANG_WARN_ENUM_CONVERSION = YES;
				CLANG_WARN_INT_CONVERSION = YES;
				CLANG_WARN_OBJC_ROOT_CLASS = YES_ERROR;
				CLANG_WARN_UNREACHABLE_CODE = YES;
				CLANG_WARN__DUPLICATE_METHOD_MATCH = YES;
				"CODE_SIGN_IDENTITY[sdk=iphoneos*]" = "iPhone Developer";
				COPY_PHASE_STRIP = NO;
				DEBUG_INFORMATION_FORMAT = "dwarf-with-dsym";
				ENABLE_NS_ASSERTIONS = NO;
				ENABLE_STRICT_OBJC_MSGSEND = YES;
				GCC_C_LANGUAGE_STANDARD = gnu99;
				GCC_NO_COMMON_BLOCKS = YES;
				GCC_WARN_64_TO_32_BIT_CONVERSION = YES;
				GCC_WARN_ABOUT_RETURN_TYPE = YES_ERROR;
				GCC_WARN_UNDECLARED_SELECTOR = YES;
				GCC_WARN_UNINITIALIZED_AUTOS = YES_AGGRESSIVE;
				GCC_WARN_UNUSED_FUNCTION = YES;
				GCC_WARN_UNUSED_VARIABLE = YES;
				IPHONEOS_DEPLOYMENT_TARGET = 9.1;
				MTL_ENABLE_DEBUG_INFO = NO;
				SDKROOT = iphoneos;
				TARGETED_DEVICE_FAMILY = "1,2";
				VALIDATE_PRODUCT = YES;
			};
			name = Release;
		};
		F956FB681BEBDA3000540F0D /* Debug */ = {
			isa = XCBuildConfiguration;
			baseConfigurationReference = 09A537F038F733016BAE726B /* Pods-Clover TouchID.debug.xcconfig */;
			buildSettings = {
				ASSETCATALOG_COMPILER_APPICON_NAME = AppIcon;
				INFOPLIST_FILE = "Clover TouchID/Info.plist";
				LD_RUNPATH_SEARCH_PATHS = "$(inherited) @executable_path/Frameworks";
				PRODUCT_BUNDLE_IDENTIFIER = "clover2b.Clover-TouchID";
				PRODUCT_NAME = "$(TARGET_NAME)";
			};
			name = Debug;
		};
		F956FB691BEBDA3000540F0D /* Release */ = {
			isa = XCBuildConfiguration;
			baseConfigurationReference = ED4F9CAE1A7EAD767BAEEA80 /* Pods-Clover TouchID.release.xcconfig */;
			buildSettings = {
				ASSETCATALOG_COMPILER_APPICON_NAME = AppIcon;
				INFOPLIST_FILE = "Clover TouchID/Info.plist";
				LD_RUNPATH_SEARCH_PATHS = "$(inherited) @executable_path/Frameworks";
				PRODUCT_BUNDLE_IDENTIFIER = "clover2b.Clover-TouchID";
				PRODUCT_NAME = "$(TARGET_NAME)";
			};
			name = Release;
		};
		F956FB6B1BEBDA3000540F0D /* Debug */ = {
			isa = XCBuildConfiguration;
			buildSettings = {
				BUNDLE_LOADER = "$(TEST_HOST)";
				INFOPLIST_FILE = "Clover TouchIDTests/Info.plist";
				LD_RUNPATH_SEARCH_PATHS = "$(inherited) @executable_path/Frameworks @loader_path/Frameworks";
				PRODUCT_BUNDLE_IDENTIFIER = "clover2b.Clover-TouchIDTests";
				PRODUCT_NAME = "$(TARGET_NAME)";
				TEST_HOST = "$(BUILT_PRODUCTS_DIR)/Clover TouchID.app/Clover TouchID";
			};
			name = Debug;
		};
		F956FB6C1BEBDA3000540F0D /* Release */ = {
			isa = XCBuildConfiguration;
			buildSettings = {
				BUNDLE_LOADER = "$(TEST_HOST)";
				INFOPLIST_FILE = "Clover TouchIDTests/Info.plist";
				LD_RUNPATH_SEARCH_PATHS = "$(inherited) @executable_path/Frameworks @loader_path/Frameworks";
				PRODUCT_BUNDLE_IDENTIFIER = "clover2b.Clover-TouchIDTests";
				PRODUCT_NAME = "$(TARGET_NAME)";
				TEST_HOST = "$(BUILT_PRODUCTS_DIR)/Clover TouchID.app/Clover TouchID";
			};
			name = Release;
		};
		F956FB6E1BEBDA3000540F0D /* Debug */ = {
			isa = XCBuildConfiguration;
			buildSettings = {
				INFOPLIST_FILE = "Clover TouchIDUITests/Info.plist";
				LD_RUNPATH_SEARCH_PATHS = "$(inherited) @executable_path/Frameworks @loader_path/Frameworks";
				PRODUCT_BUNDLE_IDENTIFIER = "clover2b.Clover-TouchIDUITests";
				PRODUCT_NAME = "$(TARGET_NAME)";
				TEST_TARGET_NAME = "Clover TouchID";
				USES_XCTRUNNER = YES;
			};
			name = Debug;
		};
		F956FB6F1BEBDA3000540F0D /* Release */ = {
			isa = XCBuildConfiguration;
			buildSettings = {
				INFOPLIST_FILE = "Clover TouchIDUITests/Info.plist";
				LD_RUNPATH_SEARCH_PATHS = "$(inherited) @executable_path/Frameworks @loader_path/Frameworks";
				PRODUCT_BUNDLE_IDENTIFIER = "clover2b.Clover-TouchIDUITests";
				PRODUCT_NAME = "$(TARGET_NAME)";
				TEST_TARGET_NAME = "Clover TouchID";
				USES_XCTRUNNER = YES;
			};
			name = Release;
		};
/* End XCBuildConfiguration section */

/* Begin XCConfigurationList section */
		F956FB3A1BEBDA2F00540F0D /* Build configuration list for PBXProject "Clover TouchID" */ = {
			isa = XCConfigurationList;
			buildConfigurations = (
				F956FB651BEBDA3000540F0D /* Debug */,
				F956FB661BEBDA3000540F0D /* Release */,
			);
			defaultConfigurationIsVisible = 0;
			defaultConfigurationName = Release;
		};
		F956FB671BEBDA3000540F0D /* Build configuration list for PBXNativeTarget "Clover TouchID" */ = {
			isa = XCConfigurationList;
			buildConfigurations = (
				F956FB681BEBDA3000540F0D /* Debug */,
				F956FB691BEBDA3000540F0D /* Release */,
			);
			defaultConfigurationIsVisible = 0;
			defaultConfigurationName = Release;
		};
		F956FB6A1BEBDA3000540F0D /* Build configuration list for PBXNativeTarget "Clover TouchIDTests" */ = {
			isa = XCConfigurationList;
			buildConfigurations = (
				F956FB6B1BEBDA3000540F0D /* Debug */,
				F956FB6C1BEBDA3000540F0D /* Release */,
			);
			defaultConfigurationIsVisible = 0;
			defaultConfigurationName = Release;
		};
		F956FB6D1BEBDA3000540F0D /* Build configuration list for PBXNativeTarget "Clover TouchIDUITests" */ = {
			isa = XCConfigurationList;
			buildConfigurations = (
				F956FB6E1BEBDA3000540F0D /* Debug */,
				F956FB6F1BEBDA3000540F0D /* Release */,
			);
			defaultConfigurationIsVisible = 0;
			defaultConfigurationName = Release;
		};
/* End XCConfigurationList section */
	};
	rootObject = F956FB371BEBDA2F00540F0D /* Project object */;
}
